{
  "name": "researchgraph-cypher-lint",
  "lockfileVersion": 3,
  "requires": true,
  "packages": {
    "": {
      "name": "researchgraph-cypher-lint",
      "dependencies": {
        "@neo4j-cypher/language-support": "2.0.0-next.6"
      }
    },
    "node_modules/@neo4j-cypher/language-support": {
      "version": "2.0.0-next.6",
      "resolved": "https://registry.npmjs.org/@neo4j-cypher/language-support/-/language-support-2.0.0-next.6.tgz",
      "integrity": "sha512-Td76OVkMuDVMO5oEV6GDTgTEzjXh96rXef037Z5QEAW+F39j7KiLgwECkOq0s8Vrdub6Z5Pg2k/QKVQFn7+mpQ==",
      "license": "Apache-2.0",
      "dependencies": {
        "antlr4": "*",
        "antlr4-c3": "*",
        "fastest-levenshtein": "^1.0.16",
        "vscode-languageserver-types": "^3.17.3"
      },
      "engines": {
        "node": ">=18.18.2"
      }
    },
    "node_modules/antlr4": {
      "version": "4.13.2",
      "resolved": "https://registry.npmjs.org/antlr4/-/antlr4-4.13.2.tgz",
      "integrity": "sha512-QiVbZhyy4xAZ17UPEuG3YTOt8ZaoeOR1CvEAqrEsDBsOqINslaB147i9xqljZqoyf5S+EUlGStaj+t22LT9MOg==",
      "license": "BSD-3-Clause",
      "engines": {
        "node": ">=16"
      }
    },
    "node_modules/antlr4-c3": {
      "version": "3.4.4",
      "resolved": "https://registry.npmjs.org/antlr4-c3/-/antlr4-c3-3.4.4.tgz",
      "integrity": "sha512-ixp1i17ypbRzZnffdarIfCVEXJwPydtDt61SHMGkc+UCD7rrbfvHESTMTgx8jFhUgKAgcHyt9060kQ8nU3vlxA==",
      "license": "MIT",
      "dependencies": {
        "antlr4ng": "3.0.16"
      }
    },
    "node_modules/antlr4ng": {
      "version": "3.0.16",
      "resolved": "https://registry.npmjs.org/antlr4ng/-/antlr4ng-3.0.16.tgz",
      "integrity": "sha512-DQuJkC7kX3xunfF4K2KsWTSvoxxslv+FQp/WHQZTJSsH2Ec3QfFmrxC3Nky2ok9yglXn6nHM4zUaVDxcN5f6kA==",
      "license": "BSD-3-Clause"
    },
    "node_modules/fastest-levenshtein": {
      "version": "1.0.16",
      "resolved": "https://registry.npmjs.org/fastest-levenshtein/-/fastest-levenshtein-1.0.16.tgz",
      "integrity": "sha512-eRnCtTTtGZFpQCwhJiUOuxPQWRXVKYDn0b2PeHfXL6/Zi53SLAzAHfVhVWK2AryC/WH05kGfxhFIPvTF0SXQzg==",
      "license": "MIT",
      "engines": {
        "node": ">= 4.9.1"
      }
    },
    "node_modules/vscode-languageserver-types": {
      "version": "3.18.4",
      "resolved": "https://registry.npmjs.org/vscode-languageserver-types/-/vscode-languageserver-types-3.18.4.tgz",
      "integrity": "sha512-nQsacoiijvl0fRf2q28uFDrAVwRhdCa3QveiF7/CX0r18mLR5FU/1WskSsCKOjmEbtteKUnY8x8Yzxop+k0zwg==",
      "license": "MIT"
    }
  }
}
